{
  "nodes": {
    "notsodeep-src": {
      "flake": false,
      "locked": {
        "lastModified": 1559071595,
        "narHash": "sha256-e6bc8pZwAWpe2t34gQgxpG1ZjO4/nc1MKAZtJvfX/Wc=",
        "owner": "farukuzun",
        "repo": "notsodeep",
        "rev": "470532243bff92fd8314f3693c4748604078b484",
        "type": "github"
      },
      "original": {
        "owner": "farukuzun",
        "repo": "notsodeep",
        "type": "github"
      }
    },
    "root": {
      "inputs": {
        "notsodeep-src": "notsodeep-src"
      }
    }
  },
  "root": "root",
  "version": 7
}
